// !$*UTF8*$!
{
	archiveVersion = 1;
	classes = {
	};
	objectVersion = 48;
	objects = {

/* Begin PBXBuildFile section */
		19C875046B83E112287B14A7 /* libPods-testTests.a in Frameworks */ = {isa = PBXBuildFile; fileRef = F2D6C045685F5B8C9A07257C /* libPods-testTests.a */; };
		29F66CA51FCD41F08AE6CB5C /* libPods-testUITests.a in Frameworks */ = {isa = PBXBuildFile; fileRef = C3A02D50334D81E91F4BF5FF /* libPods-testUITests.a */; };
		8047FFD0F7FE3707C8E8AF44 /* libPods-test.a in Frameworks */ = {isa = PBXBuildFile; fileRef = E254425507D2FA2E881E60C0 /* libPods-test.a */; };
		C33A000C20B2CF3F001F90E6 /* CameraPickerPhotoCaptureDelegate.m in Sources */ = {isa = PBXBuildFile; fileRef = C33A000B20B2CF3F001F90E6 /* CameraPickerPhotoCaptureDelegate.m */; };
		C33A000F20B2D8A3001F90E6 /* CameraPickerPhotoResizeHeaderView.m in Sources */ = {isa = PBXBuildFile; fileRef = C33A000E20B2D8A3001F90E6 /* CameraPickerPhotoResizeHeaderView.m */; };
		C33A001220B2DC24001F90E6 /* CameraPickerPreviewView.m in Sources */ = {isa = PBXBuildFile; fileRef = C33A001120B2DC24001F90E6 /* CameraPickerPreviewView.m */; };
		C33A001520B2DC76001F90E6 /* CameraPickerResourceLoader.m in Sources */ = {isa = PBXBuildFile; fileRef = C33A001420B2DC76001F90E6 /* CameraPickerResourceLoader.m */; };
		C33A001820B2DD4A001F90E6 /* CameraPickerUIUtils.m in Sources */ = {isa = PBXBuildFile; fileRef = C33A001720B2DD4A001F90E6 /* CameraPickerUIUtils.m */; };
		C33A001E20B2DDC4001F90E6 /* CameraPickerUnfoldableOptionsView.m in Sources */ = {isa = PBXBuildFile; fileRef = C33A001D20B2DDC4001F90E6 /* CameraPickerUnfoldableOptionsView.m */; };
		C33A002120B2E041001F90E6 /* CameraPickerViewController.m in Sources */ = {isa = PBXBuildFile; fileRef = C33A002020B2E041001F90E6 /* CameraPickerViewController.m */; };
		C33A002420B2E32A001F90E6 /* UIButton+CameraPicker.m in Sources */ = {isa = PBXBuildFile; fileRef = C33A002320B2E32A001F90E6 /* UIButton+CameraPicker.m */; };
		C33A002720B2E3DE001F90E6 /* UIImage+CameraPicker.m in Sources */ = {isa = PBXBuildFile; fileRef = C33A002620B2E3DE001F90E6 /* UIImage+CameraPicker.m */; };
		C33A002A20B2F0BE001F90E6 /* AVCapturePhoto+CameraPicker.m in Sources */ = {isa = PBXBuildFile; fileRef = C33A002920B2F0BE001F90E6 /* AVCapturePhoto+CameraPicker.m */; };
		C33A002D20B2F161001F90E6 /* CameraPickerAVFoundationModel.m in Sources */ = {isa = PBXBuildFile; fileRef = C33A002C20B2F161001F90E6 /* CameraPickerAVFoundationModel.m */; };
		C33A003120B30651001F90E6 /* ImagePickerController.m in Sources */ = {isa = PBXBuildFile; fileRef = C33A003020B30651001F90E6 /* ImagePickerController.m */; };
		C33A003520B3131A001F90E6 /* PhotosLibraryPickerController.m in Sources */ = {isa = PBXBuildFile; fileRef = C33A003420B3131A001F90E6 /* PhotosLibraryPickerController.m */; };
		C34E714A20AF1461002AC3BF /* CameraButton.m in Sources */ = {isa = PBXBuildFile; fileRef = C34E714920AF1461002AC3BF /* CameraButton.m */; };
		C34E714D20AF1776002AC3BF /* CameraPickerAppearance.m in Sources */ = {isa = PBXBuildFile; fileRef = C34E714C20AF1776002AC3BF /* CameraPickerAppearance.m */; };
		C34E715020AF19FC002AC3BF /* CameraPickerFlashHeaderView.m in Sources */ = {isa = PBXBuildFile; fileRef = C34E714F20AF19FC002AC3BF /* CameraPickerFlashHeaderView.m */; };
		C34E715320AF264A002AC3BF /* CameraPickerOverlayView.m in Sources */ = {isa = PBXBuildFile; fileRef = C34E715220AF264A002AC3BF /* CameraPickerOverlayView.m */; };
		C386F0C120625A3500FE571A /* CoreGraphics.framework in Frameworks */ = {isa = PBXBuildFile; fileRef = C386F0C020625A3500FE571A /* CoreGraphics.framework */; };
		C386F0C320625A3A00FE571A /* CoreImage.framework in Frameworks */ = {isa = PBXBuildFile; fileRef = C386F0C220625A3A00FE571A /* CoreImage.framework */; };
		C386F0D12062BA9800FE571A /* Accelerate.framework in Frameworks */ = {isa = PBXBuildFile; fileRef = C386F0D02062BA9800FE571A /* Accelerate.framework */; };
		C3C35077205ACD5E000087AF /* AppDelegate.m in Sources */ = {isa = PBXBuildFile; fileRef = C3C35076205ACD5E000087AF /* AppDelegate.m */; };
		C3C3507A205ACD5E000087AF /* ViewController.m in Sources */ = {isa = PBXBuildFile; fileRef = C3C35079205ACD5E000087AF /* ViewController.m */; };
		C3C3507D205ACD5E000087AF /* Main.storyboard in Resources */ = {isa = PBXBuildFile; fileRef = C3C3507B205ACD5E000087AF /* Main.storyboard */; };
		C3C35082205ACD5E000087AF /* LaunchScreen.storyboard in Resources */ = {isa = PBXBuildFile; fileRef = C3C35080205ACD5E000087AF /* LaunchScreen.storyboard */; };
		C3C35085205ACD5E000087AF /* main.m in Sources */ = {isa = PBXBuildFile; fileRef = C3C35084205ACD5E000087AF /* main.m */; };
		C3C3508F205ACD5E000087AF /* testTests.m in Sources */ = {isa = PBXBuildFile; fileRef = C3C3508E205ACD5E000087AF /* testTests.m */; };
		C3C3509A205ACD5E000087AF /* testUITests.m in Sources */ = {isa = PBXBuildFile; fileRef = C3C35099205ACD5E000087AF /* testUITests.m */; };
		C3CF30FC209C4A0B005AFD40 /* Media.xcassets in Resources */ = {isa = PBXBuildFile; fileRef = C3CF30FB209C4A0B005AFD40 /* Media.xcassets */; };
		C3CF30FF209C5BBA005AFD40 /* KernelGenerator.m in Sources */ = {isa = PBXBuildFile; fileRef = C3CF30FE209C5BBA005AFD40 /* KernelGenerator.m */; };
/* End PBXBuildFile section */

/* Begin PBXContainerItemProxy section */
		C3C3508B205ACD5E000087AF /* PBXContainerItemProxy */ = {
			isa = PBXContainerItemProxy;
			containerPortal = C3C3506A205ACD5E000087AF /* Project object */;
			proxyType = 1;
			remoteGlobalIDString = C3C35071205ACD5E000087AF;
			remoteInfo = test;
		};
		C3C35096205ACD5E000087AF /* PBXContainerItemProxy */ = {
			isa = PBXContainerItemProxy;
			containerPortal = C3C3506A205ACD5E000087AF /* Project object */;
			proxyType = 1;
			remoteGlobalIDString = C3C35071205ACD5E000087AF;
			remoteInfo = test;
		};
/* End PBXContainerItemProxy section */

/* Begin PBXFileReference section */
		26E7F0C980FF0F15F19F01AA /* Pods-test.release.xcconfig */ = {isa = PBXFileReference; includeInIndex = 1; lastKnownFileType = text.xcconfig; name = "Pods-test.release.xcconfig"; path = "Pods/Target Support Files/Pods-test/Pods-test.release.xcconfig"; sourceTree = "<group>"; };
		5EADFCF51B2A731BF33590D2 /* Pods-testUITests.release.xcconfig */ = {isa = PBXFileReference; includeInIndex = 1; lastKnownFileType = text.xcconfig; name = "Pods-testUITests.release.xcconfig"; path = "Pods/Target Support Files/Pods-testUITests/Pods-testUITests.release.xcconfig"; sourceTree = "<group>"; };
		63A2235B7ED0CD8E4EE953BA /* Pods-testTests.release.xcconfig */ = {isa = PBXFileReference; includeInIndex = 1; lastKnownFileType = text.xcconfig; name = "Pods-testTests.release.xcconfig"; path = "Pods/Target Support Files/Pods-testTests/Pods-testTests.release.xcconfig"; sourceTree = "<group>"; };
		AB444E3197C680E98BEF10C4 /* Pods-testTests.debug.xcconfig */ = {isa = PBXFileReference; includeInIndex = 1; lastKnownFileType = text.xcconfig; name = "Pods-testTests.debug.xcconfig"; path = "Pods/Target Support Files/Pods-testTests/Pods-testTests.debug.xcconfig"; sourceTree = "<group>"; };
		C33A000A20B2CF3F001F90E6 /* CameraPickerPhotoCaptureDelegate.h */ = {isa = PBXFileReference; lastKnownFileType = sourcecode.c.h; path = CameraPickerPhotoCaptureDelegate.h; sourceTree = "<group>"; };
		C33A000B20B2CF3F001F90E6 /* CameraPickerPhotoCaptureDelegate.m */ = {isa = PBXFileReference; lastKnownFileType = sourcecode.c.objc; path = CameraPickerPhotoCaptureDelegate.m; sourceTree = "<group>"; };
		C33A000D20B2D8A3001F90E6 /* CameraPickerPhotoResizeHeaderView.h */ = {isa = PBXFileReference; lastKnownFileType = sourcecode.c.h; path = CameraPickerPhotoResizeHeaderView.h; sourceTree = "<group>"; };
		C33A000E20B2D8A3001F90E6 /* CameraPickerPhotoResizeHeaderView.m */ = {isa = PBXFileReference; lastKnownFileType = sourcecode.c.objc; path = CameraPickerPhotoResizeHeaderView.m; sourceTree = "<group>"; };
		C33A001020B2DC24001F90E6 /* CameraPickerPreviewView.h */ = {isa = PBXFileReference; lastKnownFileType = sourcecode.c.h; path = CameraPickerPreviewView.h; sourceTree = "<group>"; };
		C33A001120B2DC24001F90E6 /* CameraPickerPreviewView.m */ = {isa = PBXFileReference; lastKnownFileType = sourcecode.c.objc; path = CameraPickerPreviewView.m; sourceTree = "<group>"; };
		C33A001320B2DC76001F90E6 /* CameraPickerResourceLoader.h */ = {isa = PBXFileReference; lastKnownFileType = sourcecode.c.h; path = CameraPickerResourceLoader.h; sourceTree = "<group>"; };
		C33A001420B2DC76001F90E6 /* CameraPickerResourceLoader.m */ = {isa = PBXFileReference; lastKnownFileType = sourcecode.c.objc; path = CameraPickerResourceLoader.m; sourceTree = "<group>"; };
		C33A001620B2DD4A001F90E6 /* CameraPickerUIUtils.h */ = {isa = PBXFileReference; lastKnownFileType = sourcecode.c.h; path = CameraPickerUIUtils.h; sourceTree = "<group>"; };
		C33A001720B2DD4A001F90E6 /* CameraPickerUIUtils.m */ = {isa = PBXFileReference; lastKnownFileType = sourcecode.c.objc; path = CameraPickerUIUtils.m; sourceTree = "<group>"; };
		C33A001C20B2DDC4001F90E6 /* CameraPickerUnfoldableOptionsView.h */ = {isa = PBXFileReference; lastKnownFileType = sourcecode.c.h; path = CameraPickerUnfoldableOptionsView.h; sourceTree = "<group>"; };
		C33A001D20B2DDC4001F90E6 /* CameraPickerUnfoldableOptionsView.m */ = {isa = PBXFileReference; lastKnownFileType = sourcecode.c.objc; path = CameraPickerUnfoldableOptionsView.m; sourceTree = "<group>"; };
		C33A001F20B2E041001F90E6 /* CameraPickerViewController.h */ = {isa = PBXFileReference; lastKnownFileType = sourcecode.c.h; path = CameraPickerViewController.h; sourceTree = "<group>"; };
		C33A002020B2E041001F90E6 /* CameraPickerViewController.m */ = {isa = PBXFileReference; lastKnownFileType = sourcecode.c.objc; path = CameraPickerViewController.m; sourceTree = "<group>"; };
		C33A002220B2E32A001F90E6 /* UIButton+CameraPicker.h */ = {isa = PBXFileReference; lastKnownFileType = sourcecode.c.h; path = "UIButton+CameraPicker.h"; sourceTree = "<group>"; };
		C33A002320B2E32A001F90E6 /* UIButton+CameraPicker.m */ = {isa = PBXFileReference; lastKnownFileType = sourcecode.c.objc; path = "UIButton+CameraPicker.m"; sourceTree = "<group>"; };
		C33A002520B2E3DE001F90E6 /* UIImage+CameraPicker.h */ = {isa = PBXFileReference; lastKnownFileType = sourcecode.c.h; path = "UIImage+CameraPicker.h"; sourceTree = "<group>"; };
		C33A002620B2E3DE001F90E6 /* UIImage+CameraPicker.m */ = {isa = PBXFileReference; lastKnownFileType = sourcecode.c.objc; path = "UIImage+CameraPicker.m"; sourceTree = "<group>"; };
		C33A002820B2F0BE001F90E6 /* AVCapturePhoto+CameraPicker.h */ = {isa = PBXFileReference; lastKnownFileType = sourcecode.c.h; path = "AVCapturePhoto+CameraPicker.h"; sourceTree = "<group>"; };
		C33A002920B2F0BE001F90E6 /* AVCapturePhoto+CameraPicker.m */ = {isa = PBXFileReference; lastKnownFileType = sourcecode.c.objc; path = "AVCapturePhoto+CameraPicker.m"; sourceTree = "<group>"; };
		C33A002B20B2F161001F90E6 /* CameraPickerAVFoundationModel.h */ = {isa = PBXFileReference; lastKnownFileType = sourcecode.c.h; path = CameraPickerAVFoundationModel.h; sourceTree = "<group>"; };
		C33A002C20B2F161001F90E6 /* CameraPickerAVFoundationModel.m */ = {isa = PBXFileReference; lastKnownFileType = sourcecode.c.objc; path = CameraPickerAVFoundationModel.m; sourceTree = "<group>"; };
		C33A002F20B30651001F90E6 /* ImagePickerController.h */ = {isa = PBXFileReference; lastKnownFileType = sourcecode.c.h; path = ImagePickerController.h; sourceTree = "<group>"; };
		C33A003020B30651001F90E6 /* ImagePickerController.m */ = {isa = PBXFileReference; lastKnownFileType = sourcecode.c.objc; path = ImagePickerController.m; sourceTree = "<group>"; };
		C33A003320B3131A001F90E6 /* PhotosLibraryPickerController.h */ = {isa = PBXFileReference; lastKnownFileType = sourcecode.c.h; path = PhotosLibraryPickerController.h; sourceTree = "<group>"; };
		C33A003420B3131A001F90E6 /* PhotosLibraryPickerController.m */ = {isa = PBXFileReference; lastKnownFileType = sourcecode.c.objc; path = PhotosLibraryPickerController.m; sourceTree = "<group>"; };
		C34E714820AF1461002AC3BF /* CameraButton.h */ = {isa = PBXFileReference; lastKnownFileType = sourcecode.c.h; path = CameraButton.h; sourceTree = "<group>"; };
		C34E714920AF1461002AC3BF /* CameraButton.m */ = {isa = PBXFileReference; lastKnownFileType = sourcecode.c.objc; path = CameraButton.m; sourceTree = "<group>"; };
		C34E714B20AF1775002AC3BF /* CameraPickerAppearance.h */ = {isa = PBXFileReference; lastKnownFileType = sourcecode.c.h; path = CameraPickerAppearance.h; sourceTree = "<group>"; };
		C34E714C20AF1776002AC3BF /* CameraPickerAppearance.m */ = {isa = PBXFileReference; lastKnownFileType = sourcecode.c.objc; path = CameraPickerAppearance.m; sourceTree = "<group>"; };
		C34E714E20AF19FC002AC3BF /* CameraPickerFlashHeaderView.h */ = {isa = PBXFileReference; lastKnownFileType = sourcecode.c.h; path = CameraPickerFlashHeaderView.h; sourceTree = "<group>"; };
		C34E714F20AF19FC002AC3BF /* CameraPickerFlashHeaderView.m */ = {isa = PBXFileReference; lastKnownFileType = sourcecode.c.objc; path = CameraPickerFlashHeaderView.m; sourceTree = "<group>"; };
		C34E715120AF264A002AC3BF /* CameraPickerOverlayView.h */ = {isa = PBXFileReference; lastKnownFileType = sourcecode.c.h; path = CameraPickerOverlayView.h; sourceTree = "<group>"; };
		C34E715220AF264A002AC3BF /* CameraPickerOverlayView.m */ = {isa = PBXFileReference; lastKnownFileType = sourcecode.c.objc; path = CameraPickerOverlayView.m; sourceTree = "<group>"; };
		C386F0C020625A3500FE571A /* CoreGraphics.framework */ = {isa = PBXFileReference; lastKnownFileType = wrapper.framework; name = CoreGraphics.framework; path = System/Library/Frameworks/CoreGraphics.framework; sourceTree = SDKROOT; };
		C386F0C220625A3A00FE571A /* CoreImage.framework */ = {isa = PBXFileReference; lastKnownFileType = wrapper.framework; name = CoreImage.framework; path = System/Library/Frameworks/CoreImage.framework; sourceTree = SDKROOT; };
		C386F0D02062BA9800FE571A /* Accelerate.framework */ = {isa = PBXFileReference; lastKnownFileType = wrapper.framework; name = Accelerate.framework; path = System/Library/Frameworks/Accelerate.framework; sourceTree = SDKROOT; };
		C3A02D50334D81E91F4BF5FF /* libPods-testUITests.a */ = {isa = PBXFileReference; explicitFileType = archive.ar; includeInIndex = 0; path = "libPods-testUITests.a"; sourceTree = BUILT_PRODUCTS_DIR; };
		C3C35072205ACD5E000087AF /* test.app */ = {isa = PBXFileReference; explicitFileType = wrapper.application; includeInIndex = 0; path = test.app; sourceTree = BUILT_PRODUCTS_DIR; };
		C3C35075205ACD5E000087AF /* AppDelegate.h */ = {isa = PBXFileReference; lastKnownFileType = sourcecode.c.h; path = AppDelegate.h; sourceTree = "<group>"; };
		C3C35076205ACD5E000087AF /* AppDelegate.m */ = {isa = PBXFileReference; lastKnownFileType = sourcecode.c.objc; path = AppDelegate.m; sourceTree = "<group>"; };
		C3C35078205ACD5E000087AF /* ViewController.h */ = {isa = PBXFileReference; lastKnownFileType = sourcecode.c.h; path = ViewController.h; sourceTree = "<group>"; };
		C3C35079205ACD5E000087AF /* ViewController.m */ = {isa = PBXFileReference; lastKnownFileType = sourcecode.c.objc; path = ViewController.m; sourceTree = "<group>"; };
		C3C3507C205ACD5E000087AF /* Base */ = {isa = PBXFileReference; lastKnownFileType = file.storyboard; name = Base; path = Base.lproj/Main.storyboard; sourceTree = "<group>"; };
		C3C35081205ACD5E000087AF /* Base */ = {isa = PBXFileReference; lastKnownFileType = file.storyboard; name = Base; path = Base.lproj/LaunchScreen.storyboard; sourceTree = "<group>"; };
		C3C35083205ACD5E000087AF /* Info.plist */ = {isa = PBXFileReference; lastKnownFileType = text.plist.xml; path = Info.plist; sourceTree = "<group>"; };
		C3C35084205ACD5E000087AF /* main.m */ = {isa = PBXFileReference; lastKnownFileType = sourcecode.c.objc; path = main.m; sourceTree = "<group>"; };
		C3C3508A205ACD5E000087AF /* testTests.xctest */ = {isa = PBXFileReference; explicitFileType = wrapper.cfbundle; includeInIndex = 0; path = testTests.xctest; sourceTree = BUILT_PRODUCTS_DIR; };
		C3C3508E205ACD5E000087AF /* testTests.m */ = {isa = PBXFileReference; lastKnownFileType = sourcecode.c.objc; path = testTests.m; sourceTree = "<group>"; };
		C3C35090205ACD5E000087AF /* Info.plist */ = {isa = PBXFileReference; lastKnownFileType = text.plist.xml; path = Info.plist; sourceTree = "<group>"; };
		C3C35095205ACD5E000087AF /* testUITests.xctest */ = {isa = PBXFileReference; explicitFileType = wrapper.cfbundle; includeInIndex = 0; path = testUITests.xctest; sourceTree = BUILT_PRODUCTS_DIR; };
		C3C35099205ACD5E000087AF /* testUITests.m */ = {isa = PBXFileReference; lastKnownFileType = sourcecode.c.objc; path = testUITests.m; sourceTree = "<group>"; };
		C3C3509B205ACD5E000087AF /* Info.plist */ = {isa = PBXFileReference; lastKnownFileType = text.plist.xml; path = Info.plist; sourceTree = "<group>"; };
		C3CF30FB209C4A0B005AFD40 /* Media.xcassets */ = {isa = PBXFileReference; lastKnownFileType = folder.assetcatalog; path = Media.xcassets; sourceTree = "<group>"; };
		C3CF30FD209C5BBA005AFD40 /* KernelGenerator.h */ = {isa = PBXFileReference; lastKnownFileType = sourcecode.c.h; path = KernelGenerator.h; sourceTree = "<group>"; };
		C3CF30FE209C5BBA005AFD40 /* KernelGenerator.m */ = {isa = PBXFileReference; lastKnownFileType = sourcecode.c.objc; path = KernelGenerator.m; sourceTree = "<group>"; };
		D9B29F198C1F88C40A938184 /* Pods-test.debug.xcconfig */ = {isa = PBXFileReference; includeInIndex = 1; lastKnownFileType = text.xcconfig; name = "Pods-test.debug.xcconfig"; path = "Pods/Target Support Files/Pods-test/Pods-test.debug.xcconfig"; sourceTree = "<group>"; };
		E254425507D2FA2E881E60C0 /* libPods-test.a */ = {isa = PBXFileReference; explicitFileType = archive.ar; includeInIndex = 0; path = "libPods-test.a"; sourceTree = BUILT_PRODUCTS_DIR; };
		F2D6C045685F5B8C9A07257C /* libPods-testTests.a */ = {isa = PBXFileReference; explicitFileType = archive.ar; includeInIndex = 0; path = "libPods-testTests.a"; sourceTree = BUILT_PRODUCTS_DIR; };
		F6364B8D9A57F504A7A7D0D1 /* Pods-testUITests.debug.xcconfig */ = {isa = PBXFileReference; includeInIndex = 1; lastKnownFileType = text.xcconfig; name = "Pods-testUITests.debug.xcconfig"; path = "Pods/Target Support Files/Pods-testUITests/Pods-testUITests.debug.xcconfig"; sourceTree = "<group>"; };
/* End PBXFileReference section */

/* Begin PBXFrameworksBuildPhase section */
		C3C3506F205ACD5E000087AF /* Frameworks */ = {
			isa = PBXFrameworksBuildPhase;
			buildActionMask = 2147483647;
			files = (
				C386F0D12062BA9800FE571A /* Accelerate.framework in Frameworks */,
				C386F0C320625A3A00FE571A /* CoreImage.framework in Frameworks */,
				C386F0C120625A3500FE571A /* CoreGraphics.framework in Frameworks */,
				8047FFD0F7FE3707C8E8AF44 /* libPods-test.a in Frameworks */,
			);
			runOnlyForDeploymentPostprocessing = 0;
		};
		C3C35087205ACD5E000087AF /* Frameworks */ = {
			isa = PBXFrameworksBuildPhase;
			buildActionMask = 2147483647;
			files = (
				19C875046B83E112287B14A7 /* libPods-testTests.a in Frameworks */,
			);
			runOnlyForDeploymentPostprocessing = 0;
		};
		C3C35092205ACD5E000087AF /* Frameworks */ = {
			isa = PBXFrameworksBuildPhase;
			buildActionMask = 2147483647;
			files = (
				29F66CA51FCD41F08AE6CB5C /* libPods-testUITests.a in Frameworks */,
			);
			runOnlyForDeploymentPostprocessing = 0;
		};
/* End PBXFrameworksBuildPhase section */

/* Begin PBXGroup section */
		731711853078F23CE5CCFE90 /* Pods */ = {
			isa = PBXGroup;
			children = (
				D9B29F198C1F88C40A938184 /* Pods-test.debug.xcconfig */,
				26E7F0C980FF0F15F19F01AA /* Pods-test.release.xcconfig */,
				AB444E3197C680E98BEF10C4 /* Pods-testTests.debug.xcconfig */,
				63A2235B7ED0CD8E4EE953BA /* Pods-testTests.release.xcconfig */,
				F6364B8D9A57F504A7A7D0D1 /* Pods-testUITests.debug.xcconfig */,
				5EADFCF51B2A731BF33590D2 /* Pods-testUITests.release.xcconfig */,
			);
			name = Pods;
			sourceTree = "<group>";
		};
		C33A002E20B305E8001F90E6 /* app */ = {
			isa = PBXGroup;
			children = (
				C3CF30FE209C5BBA005AFD40 /* KernelGenerator.m */,
				C3CF30FD209C5BBA005AFD40 /* KernelGenerator.h */,
				C3C35084205ACD5E000087AF /* main.m */,
				C3C35083205ACD5E000087AF /* Info.plist */,
				C3C35080205ACD5E000087AF /* LaunchScreen.storyboard */,
				C3C35076205ACD5E000087AF /* AppDelegate.m */,
				C3C35075205ACD5E000087AF /* AppDelegate.h */,
			);
			path = app;
			sourceTree = "<group>";
		};
		C33A003220B312F0001F90E6 /* PhotoPicker */ = {
			isa = PBXGroup;
			children = (
				C33A003320B3131A001F90E6 /* PhotosLibraryPickerController.h */,
				C33A003420B3131A001F90E6 /* PhotosLibraryPickerController.m */,
			);
			path = PhotoPicker;
			sourceTree = "<group>";
		};
		C34E714720AF144D002AC3BF /* CameraPicker */ = {
			isa = PBXGroup;
			children = (
				C34E714820AF1461002AC3BF /* CameraButton.h */,
				C34E714920AF1461002AC3BF /* CameraButton.m */,
				C34E714B20AF1775002AC3BF /* CameraPickerAppearance.h */,
				C34E714C20AF1776002AC3BF /* CameraPickerAppearance.m */,
				C34E714E20AF19FC002AC3BF /* CameraPickerFlashHeaderView.h */,
				C34E714F20AF19FC002AC3BF /* CameraPickerFlashHeaderView.m */,
				C34E715120AF264A002AC3BF /* CameraPickerOverlayView.h */,
				C34E715220AF264A002AC3BF /* CameraPickerOverlayView.m */,
				C33A000A20B2CF3F001F90E6 /* CameraPickerPhotoCaptureDelegate.h */,
				C33A000B20B2CF3F001F90E6 /* CameraPickerPhotoCaptureDelegate.m */,
				C33A000D20B2D8A3001F90E6 /* CameraPickerPhotoResizeHeaderView.h */,
				C33A000E20B2D8A3001F90E6 /* CameraPickerPhotoResizeHeaderView.m */,
				C33A001020B2DC24001F90E6 /* CameraPickerPreviewView.h */,
				C33A001120B2DC24001F90E6 /* CameraPickerPreviewView.m */,
				C33A001320B2DC76001F90E6 /* CameraPickerResourceLoader.h */,
				C33A001420B2DC76001F90E6 /* CameraPickerResourceLoader.m */,
				C33A001620B2DD4A001F90E6 /* CameraPickerUIUtils.h */,
				C33A001720B2DD4A001F90E6 /* CameraPickerUIUtils.m */,
				C33A001C20B2DDC4001F90E6 /* CameraPickerUnfoldableOptionsView.h */,
				C33A001D20B2DDC4001F90E6 /* CameraPickerUnfoldableOptionsView.m */,
				C33A001F20B2E041001F90E6 /* CameraPickerViewController.h */,
				C33A002020B2E041001F90E6 /* CameraPickerViewController.m */,
				C33A002220B2E32A001F90E6 /* UIButton+CameraPicker.h */,
				C33A002320B2E32A001F90E6 /* UIButton+CameraPicker.m */,
				C33A002520B2E3DE001F90E6 /* UIImage+CameraPicker.h */,
				C33A002620B2E3DE001F90E6 /* UIImage+CameraPicker.m */,
				C33A002820B2F0BE001F90E6 /* AVCapturePhoto+CameraPicker.h */,
				C33A002920B2F0BE001F90E6 /* AVCapturePhoto+CameraPicker.m */,
				C33A002B20B2F161001F90E6 /* CameraPickerAVFoundationModel.h */,
				C33A002C20B2F161001F90E6 /* CameraPickerAVFoundationModel.m */,
			);
			path = CameraPicker;
			sourceTree = "<group>";
		};
		C386F0BF20625A3500FE571A /* Frameworks */ = {
			isa = PBXGroup;
			children = (
				C386F0D02062BA9800FE571A /* Accelerate.framework */,
				C386F0C220625A3A00FE571A /* CoreImage.framework */,
				C386F0C020625A3500FE571A /* CoreGraphics.framework */,
				E254425507D2FA2E881E60C0 /* libPods-test.a */,
				F2D6C045685F5B8C9A07257C /* libPods-testTests.a */,
				C3A02D50334D81E91F4BF5FF /* libPods-testUITests.a */,
			);
			name = Frameworks;
			sourceTree = "<group>";
		};
		C3C35069205ACD5E000087AF = {
			isa = PBXGroup;
			children = (
				C3C35074205ACD5E000087AF /* test */,
				C3C3508D205ACD5E000087AF /* testTests */,
				C3C35098205ACD5E000087AF /* testUITests */,
				C3C35073205ACD5E000087AF /* Products */,
				C386F0BF20625A3500FE571A /* Frameworks */,
				731711853078F23CE5CCFE90 /* Pods */,
			);
			sourceTree = "<group>";
		};
		C3C35073205ACD5E000087AF /* Products */ = {
			isa = PBXGroup;
			children = (
				C3C35072205ACD5E000087AF /* test.app */,
				C3C3508A205ACD5E000087AF /* testTests.xctest */,
				C3C35095205ACD5E000087AF /* testUITests.xctest */,
			);
			name = Products;
			sourceTree = "<group>";
		};
		C3C35074205ACD5E000087AF /* test */ = {
			isa = PBXGroup;
			children = (
				C3CF30FB209C4A0B005AFD40 /* Media.xcassets */,
				C33A002E20B305E8001F90E6 /* app */,
				C33A003220B312F0001F90E6 /* PhotoPicker */,
				C34E714720AF144D002AC3BF /* CameraPicker */,
				C3C35078205ACD5E000087AF /* ViewController.h */,
				C3C35079205ACD5E000087AF /* ViewController.m */,
				C3C3507B205ACD5E000087AF /* Main.storyboard */,
				C33A002F20B30651001F90E6 /* ImagePickerController.h */,
				C33A003020B30651001F90E6 /* ImagePickerController.m */,
			);
			path = test;
			sourceTree = "<group>";
		};
		C3C3508D205ACD5E000087AF /* testTests */ = {
			isa = PBXGroup;
			children = (
				C3C3508E205ACD5E000087AF /* testTests.m */,
				C3C35090205ACD5E000087AF /* Info.plist */,
			);
			path = testTests;
			sourceTree = "<group>";
		};
		C3C35098205ACD5E000087AF /* testUITests */ = {
			isa = PBXGroup;
			children = (
				C3C35099205ACD5E000087AF /* testUITests.m */,
				C3C3509B205ACD5E000087AF /* Info.plist */,
			);
			path = testUITests;
			sourceTree = "<group>";
		};
/* End PBXGroup section */

/* Begin PBXNativeTarget section */
		C3C35071205ACD5E000087AF /* test */ = {
			isa = PBXNativeTarget;
			buildConfigurationList = C3C3509E205ACD5E000087AF /* Build configuration list for PBXNativeTarget "test" */;
			buildPhases = (
				3A174C0CA2A4A3A550926032 /* [CP] Check Pods Manifest.lock */,
				C3C3506E205ACD5E000087AF /* Sources */,
				C3C3506F205ACD5E000087AF /* Frameworks */,
				C3C35070205ACD5E000087AF /* Resources */,
				5543DE5C61CEB69D18D0DE77 /* [CP] Copy Pods Resources */,
			);
			buildRules = (
			);
			dependencies = (
			);
			name = test;
			productName = test;
			productReference = C3C35072205ACD5E000087AF /* test.app */;
			productType = "com.apple.product-type.application";
		};
		C3C35089205ACD5E000087AF /* testTests */ = {
			isa = PBXNativeTarget;
			buildConfigurationList = C3C350A1205ACD5E000087AF /* Build configuration list for PBXNativeTarget "testTests" */;
			buildPhases = (
				B699A47BC3A26DAEE6E8216B /* [CP] Check Pods Manifest.lock */,
				C3C35086205ACD5E000087AF /* Sources */,
				C3C35087205ACD5E000087AF /* Frameworks */,
				C3C35088205ACD5E000087AF /* Resources */,
			);
			buildRules = (
			);
			dependencies = (
				C3C3508C205ACD5E000087AF /* PBXTargetDependency */,
			);
			name = testTests;
			productName = testTests;
			productReference = C3C3508A205ACD5E000087AF /* testTests.xctest */;
			productType = "com.apple.product-type.bundle.unit-test";
		};
		C3C35094205ACD5E000087AF /* testUITests */ = {
			isa = PBXNativeTarget;
			buildConfigurationList = C3C350A4205ACD5E000087AF /* Build configuration list for PBXNativeTarget "testUITests" */;
			buildPhases = (
				89C2A91369D42B92273D9F8B /* [CP] Check Pods Manifest.lock */,
				C3C35091205ACD5E000087AF /* Sources */,
				C3C35092205ACD5E000087AF /* Frameworks */,
				C3C35093205ACD5E000087AF /* Resources */,
			);
			buildRules = (
			);
			dependencies = (
				C3C35097205ACD5E000087AF /* PBXTargetDependency */,
			);
			name = testUITests;
			productName = testUITests;
			productReference = C3C35095205ACD5E000087AF /* testUITests.xctest */;
			productType = "com.apple.product-type.bundle.ui-testing";
		};
/* End PBXNativeTarget section */

/* Begin PBXProject section */
		C3C3506A205ACD5E000087AF /* Project object */ = {
			isa = PBXProject;
			attributes = {
				LastUpgradeCheck = 0930;
				ORGANIZATIONNAME = 4psa;
				TargetAttributes = {
					C3C35071205ACD5E000087AF = {
						CreatedOnToolsVersion = 9.2;
						ProvisioningStyle = Automatic;
					};
					C3C35089205ACD5E000087AF = {
						CreatedOnToolsVersion = 9.2;
						ProvisioningStyle = Automatic;
						TestTargetID = C3C35071205ACD5E000087AF;
					};
					C3C35094205ACD5E000087AF = {
						CreatedOnToolsVersion = 9.2;
						ProvisioningStyle = Automatic;
						TestTargetID = C3C35071205ACD5E000087AF;
					};
				};
			};
			buildConfigurationList = C3C3506D205ACD5E000087AF /* Build configuration list for PBXProject "test" */;
			compatibilityVersion = "Xcode 8.0";
			developmentRegion = en;
			hasScannedForEncodings = 0;
			knownRegions = (
				en,
				Base,
			);
			mainGroup = C3C35069205ACD5E000087AF;
			productRefGroup = C3C35073205ACD5E000087AF /* Products */;
			projectDirPath = "";
			projectRoot = "";
			targets = (
				C3C35071205ACD5E000087AF /* test */,
				C3C35089205ACD5E000087AF /* testTests */,
				C3C35094205ACD5E000087AF /* testUITests */,
			);
		};
/* End PBXProject section */

/* Begin PBXResourcesBuildPhase section */
		C3C35070205ACD5E000087AF /* Resources */ = {
			isa = PBXResourcesBuildPhase;
			buildActionMask = 2147483647;
			files = (
				C3C35082205ACD5E000087AF /* LaunchScreen.storyboard in Resources */,
				C3C3507D205ACD5E000087AF /* Main.storyboard in Resources */,
				C3CF30FC209C4A0B005AFD40 /* Media.xcassets in Resources */,
			);
			runOnlyForDeploymentPostprocessing = 0;
		};
		C3C35088205ACD5E000087AF /* Resources */ = {
			isa = PBXResourcesBuildPhase;
			buildActionMask = 2147483647;
			files = (
			);
			runOnlyForDeploymentPostprocessing = 0;
		};
		C3C35093205ACD5E000087AF /* Resources */ = {
			isa = PBXResourcesBuildPhase;
			buildActionMask = 2147483647;
			files = (
			);
			runOnlyForDeploymentPostprocessing = 0;
		};
/* End PBXResourcesBuildPhase section */

/* Begin PBXShellScriptBuildPhase section */
		3A174C0CA2A4A3A550926032 /* [CP] Check Pods Manifest.lock */ = {
			isa = PBXShellScriptBuildPhase;
			buildActionMask = 2147483647;
			files = (
			);
			inputPaths = (
				"${PODS_PODFILE_DIR_PATH}/Podfile.lock",
				"${PODS_ROOT}/Manifest.lock",
			);
			name = "[CP] Check Pods Manifest.lock";
			outputPaths = (
				"$(DERIVED_FILE_DIR)/Pods-test-checkManifestLockResult.txt",
			);
			runOnlyForDeploymentPostprocessing = 0;
			shellPath = /bin/sh;
			shellScript = "diff \"${PODS_PODFILE_DIR_PATH}/Podfile.lock\" \"${PODS_ROOT}/Manifest.lock\" > /dev/null\nif [ $? != 0 ] ; then\n    # print error to STDERR\n    echo \"error: The sandbox is not in sync with the Podfile.lock. Run 'pod install' or update your CocoaPods installation.\" >&2\n    exit 1\nfi\n# This output is used by Xcode 'outputs' to avoid re-running this script phase.\necho \"SUCCESS\" > \"${SCRIPT_OUTPUT_FILE_0}\"\n";
			showEnvVarsInLog = 0;
		};
		5543DE5C61CEB69D18D0DE77 /* [CP] Copy Pods Resources */ = {
			isa = PBXShellScriptBuildPhase;
			buildActionMask = 2147483647;
			files = (
			);
			inputPaths = (
				"${SRCROOT}/Pods/Target Support Files/Pods-test/Pods-test-resources.sh",
				"${PODS_CONFIGURATION_BUILD_DIR}/QBImagePickerController/QBImagePicker.bundle",
			);
			name = "[CP] Copy Pods Resources";
			outputPaths = (
				"${TARGET_BUILD_DIR}/${UNLOCALIZED_RESOURCES_FOLDER_PATH}/QBImagePicker.bundle",
			);
			runOnlyForDeploymentPostprocessing = 0;
			shellPath = /bin/sh;
			shellScript = "\"${SRCROOT}/Pods/Target Support Files/Pods-test/Pods-test-resources.sh\"\n";
			showEnvVarsInLog = 0;
		};
		89C2A91369D42B92273D9F8B /* [CP] Check Pods Manifest.lock */ = {
			isa = PBXShellScriptBuildPhase;
			buildActionMask = 2147483647;
			files = (
			);
			inputPaths = (
				"${PODS_PODFILE_DIR_PATH}/Podfile.lock",
				"${PODS_ROOT}/Manifest.lock",
			);
			name = "[CP] Check Pods Manifest.lock";
			outputPaths = (
				"$(DERIVED_FILE_DIR)/Pods-testUITests-checkManifestLockResult.txt",
			);
			runOnlyForDeploymentPostprocessing = 0;
			shellPath = /bin/sh;
			shellScript = "diff \"${PODS_PODFILE_DIR_PATH}/Podfile.lock\" \"${PODS_ROOT}/Manifest.lock\" > /dev/null\nif [ $? != 0 ] ; then\n    # print error to STDERR\n    echo \"error: The sandbox is not in sync with the Podfile.lock. Run 'pod install' or update your CocoaPods installation.\" >&2\n    exit 1\nfi\n# This output is used by Xcode 'outputs' to avoid re-running this script phase.\necho \"SUCCESS\" > \"${SCRIPT_OUTPUT_FILE_0}\"\n";
			showEnvVarsInLog = 0;
		};
		B699A47BC3A26DAEE6E8216B /* [CP] Check Pods Manifest.lock */ = {
			isa = PBXShellScriptBuildPhase;
			buildActionMask = 2147483647;
			files = (
			);
			inputPaths = (
				"${PODS_PODFILE_DIR_PATH}/Podfile.lock",
				"${PODS_ROOT}/Manifest.lock",
			);
			name = "[CP] Check Pods Manifest.lock";
			outputPaths = (
				"$(DERIVED_FILE_DIR)/Pods-testTests-checkManifestLockResult.txt",
			);
			runOnlyForDeploymentPostprocessing = 0;
			shellPath = /bin/sh;
			shellScript = "diff \"${PODS_PODFILE_DIR_PATH}/Podfile.lock\" \"${PODS_ROOT}/Manifest.lock\" > /dev/null\nif [ $? != 0 ] ; then\n    # print error to STDERR\n    echo \"error: The sandbox is not in sync with the Podfile.lock. Run 'pod install' or update your CocoaPods installation.\" >&2\n    exit 1\nfi\n# This output is used by Xcode 'outputs' to avoid re-running this script phase.\necho \"SUCCESS\" > \"${SCRIPT_OUTPUT_FILE_0}\"\n";
			showEnvVarsInLog = 0;
		};
/* End PBXShellScriptBuildPhase section */

/* Begin PBXSourcesBuildPhase section */
		C3C3506E205ACD5E000087AF /* Sources */ = {
			isa = PBXSourcesBuildPhase;
			buildActionMask = 2147483647;
			files = (
				C33A003520B3131A001F90E6 /* PhotosLibraryPickerController.m in Sources */,
				C3CF30FF209C5BBA005AFD40 /* KernelGenerator.m in Sources */,
				C33A001820B2DD4A001F90E6 /* CameraPickerUIUtils.m in Sources */,
				C33A000C20B2CF3F001F90E6 /* CameraPickerPhotoCaptureDelegate.m in Sources */,
				C33A002D20B2F161001F90E6 /* CameraPickerAVFoundationModel.m in Sources */,
				C34E714A20AF1461002AC3BF /* CameraButton.m in Sources */,
				C34E715320AF264A002AC3BF /* CameraPickerOverlayView.m in Sources */,
				C34E714D20AF1776002AC3BF /* CameraPickerAppearance.m in Sources */,
				C33A003120B30651001F90E6 /* ImagePickerController.m in Sources */,
				C33A001220B2DC24001F90E6 /* CameraPickerPreviewView.m in Sources */,
				C33A002720B2E3DE001F90E6 /* UIImage+CameraPicker.m in Sources */,
				C3C3507A205ACD5E000087AF /* ViewController.m in Sources */,
				C33A002420B2E32A001F90E6 /* UIButton+CameraPicker.m in Sources */,
				C33A001E20B2DDC4001F90E6 /* CameraPickerUnfoldableOptionsView.m in Sources */,
				C33A001520B2DC76001F90E6 /* CameraPickerResourceLoader.m in Sources */,
				C3C35085205ACD5E000087AF /* main.m in Sources */,
				C33A002A20B2F0BE001F90E6 /* AVCapturePhoto+CameraPicker.m in Sources */,
				C33A000F20B2D8A3001F90E6 /* CameraPickerPhotoResizeHeaderView.m in Sources */,
				C33A002120B2E041001F90E6 /* CameraPickerViewController.m in Sources */,
				C34E715020AF19FC002AC3BF /* CameraPickerFlashHeaderView.m in Sources */,
				C3C35077205ACD5E000087AF /* AppDelegate.m in Sources */,
			);
			runOnlyForDeploymentPostprocessing = 0;
		};
		C3C35086205ACD5E000087AF /* Sources */ = {
			isa = PBXSourcesBuildPhase;
			buildActionMask = 2147483647;
			files = (
				C3C3508F205ACD5E000087AF /* testTests.m in Sources */,
			);
			runOnlyForDeploymentPostprocessing = 0;
		};
		C3C35091205ACD5E000087AF /* Sources */ = {
			isa = PBXSourcesBuildPhase;
			buildActionMask = 2147483647;
			files = (
				C3C3509A205ACD5E000087AF /* testUITests.m in Sources */,
			);
			runOnlyForDeploymentPostprocessing = 0;
		};
/* End PBXSourcesBuildPhase section */

/* Begin PBXTargetDependency section */
		C3C3508C205ACD5E000087AF /* PBXTargetDependency */ = {
			isa = PBXTargetDependency;
			target = C3C35071205ACD5E000087AF /* test */;
			targetProxy = C3C3508B205ACD5E000087AF /* PBXContainerItemProxy */;
		};
		C3C35097205ACD5E000087AF /* PBXTargetDependency */ = {
			isa = PBXTargetDependency;
			target = C3C35071205ACD5E000087AF /* test */;
			targetProxy = C3C35096205ACD5E000087AF /* PBXContainerItemProxy */;
		};
/* End PBXTargetDependency section */

/* Begin PBXVariantGroup section */
		C3C3507B205ACD5E000087AF /* Main.storyboard */ = {
			isa = PBXVariantGroup;
			children = (
				C3C3507C205ACD5E000087AF /* Base */,
			);
			name = Main.storyboard;
			sourceTree = "<group>";
		};
		C3C35080205ACD5E000087AF /* LaunchScreen.storyboard */ = {
			isa = PBXVariantGroup;
			children = (
				C3C35081205ACD5E000087AF /* Base */,
			);
			name = LaunchScreen.storyboard;
			sourceTree = "<group>";
		};
/* End PBXVariantGroup section */

/* Begin XCBuildConfiguration section */
		C3C3509C205ACD5E000087AF /* Debug */ = {
			isa = XCBuildConfiguration;
			buildSettings = {
				ALWAYS_SEARCH_USER_PATHS = NO;
				CLANG_ANALYZER_NONNULL = YES;
				CLANG_ANALYZER_NUMBER_OBJECT_CONVERSION = YES_AGGRESSIVE;
				CLANG_CXX_LANGUAGE_STANDARD = "gnu++14";
				CLANG_CXX_LIBRARY = "libc++";
				CLANG_ENABLE_MODULES = YES;
				CLANG_ENABLE_OBJC_ARC = YES;
				CLANG_WARN_BLOCK_CAPTURE_AUTORELEASING = YES;
				CLANG_WARN_BOOL_CONVERSION = YES;
				CLANG_WARN_COMMA = YES;
				CLANG_WARN_CONSTANT_CONVERSION = YES;
				CLANG_WARN_DEPRECATED_OBJC_IMPLEMENTATIONS = YES;
				CLANG_WARN_DIRECT_OBJC_ISA_USAGE = YES_ERROR;
				CLANG_WARN_DOCUMENTATION_COMMENTS = YES;
				CLANG_WARN_EMPTY_BODY = YES;
				CLANG_WARN_ENUM_CONVERSION = YES;
				CLANG_WARN_INFINITE_RECURSION = YES;
				CLANG_WARN_INT_CONVERSION = YES;
				CLANG_WARN_NON_LITERAL_NULL_CONVERSION = YES;
				CLANG_WARN_OBJC_IMPLICIT_RETAIN_SELF = YES;
				CLANG_WARN_OBJC_LITERAL_CONVERSION = YES;
				CLANG_WARN_OBJC_ROOT_CLASS = YES_ERROR;
				CLANG_WARN_RANGE_LOOP_ANALYSIS = YES;
				CLANG_WARN_STRICT_PROTOTYPES = YES;
				CLANG_WARN_SUSPICIOUS_MOVE = YES;
				CLANG_WARN_UNGUARDED_AVAILABILITY = YES_AGGRESSIVE;
				CLANG_WARN_UNREACHABLE_CODE = YES;
				CLANG_WARN__DUPLICATE_METHOD_MATCH = YES;
				CODE_SIGN_IDENTITY = "iPhone Developer";
				COPY_PHASE_STRIP = NO;
				DEBUG_INFORMATION_FORMAT = dwarf;
				ENABLE_STRICT_OBJC_MSGSEND = YES;
				ENABLE_TESTABILITY = YES;
				GCC_C_LANGUAGE_STANDARD = gnu11;
				GCC_DYNAMIC_NO_PIC = NO;
				GCC_NO_COMMON_BLOCKS = YES;
				GCC_OPTIMIZATION_LEVEL = 0;
				GCC_PREPROCESSOR_DEFINITIONS = (
					"DEBUG=1",
					"$(inherited)",
				);
				GCC_WARN_64_TO_32_BIT_CONVERSION = YES;
				GCC_WARN_ABOUT_RETURN_TYPE = YES_ERROR;
				GCC_WARN_UNDECLARED_SELECTOR = YES;
				GCC_WARN_UNINITIALIZED_AUTOS = YES_AGGRESSIVE;
				GCC_WARN_UNUSED_FUNCTION = YES;
				GCC_WARN_UNUSED_VARIABLE = YES;
				IPHONEOS_DEPLOYMENT_TARGET = 11.2;
				MTL_ENABLE_DEBUG_INFO = YES;
				ONLY_ACTIVE_ARCH = YES;
				SDKROOT = iphoneos;
			};
			name = Debug;
		};
		C3C3509D205ACD5E000087AF /* Release */ = {
			isa = XCBuildConfiguration;
			buildSettings = {
				ALWAYS_SEARCH_USER_PATHS = NO;
				CLANG_ANALYZER_NONNULL = YES;
				CLANG_ANALYZER_NUMBER_OBJECT_CONVERSION = YES_AGGRESSIVE;
				CLANG_CXX_LANGUAGE_STANDARD = "gnu++14";
				CLANG_CXX_LIBRARY = "libc++";
				CLANG_ENABLE_MODULES = YES;
				CLANG_ENABLE_OBJC_ARC = YES;
				CLANG_WARN_BLOCK_CAPTURE_AUTORELEASING = YES;
				CLANG_WARN_BOOL_CONVERSION = YES;
				CLANG_WARN_COMMA = YES;
				CLANG_WARN_CONSTANT_CONVERSION = YES;
				CLANG_WARN_DEPRECATED_OBJC_IMPLEMENTATIONS = YES;
				CLANG_WARN_DIRECT_OBJC_ISA_USAGE = YES_ERROR;
				CLANG_WARN_DOCUMENTATION_COMMENTS = YES;
				CLANG_WARN_EMPTY_BODY = YES;
				CLANG_WARN_ENUM_CONVERSION = YES;
				CLANG_WARN_INFINITE_RECURSION = YES;
				CLANG_WARN_INT_CONVERSION = YES;
				CLANG_WARN_NON_LITERAL_NULL_CONVERSION = YES;
				CLANG_WARN_OBJC_IMPLICIT_RETAIN_SELF = YES;
				CLANG_WARN_OBJC_LITERAL_CONVERSION = YES;
				CLANG_WARN_OBJC_ROOT_CLASS = YES_ERROR;
				CLANG_WARN_RANGE_LOOP_ANALYSIS = YES;
				CLANG_WARN_STRICT_PROTOTYPES = YES;
				CLANG_WARN_SUSPICIOUS_MOVE = YES;
				CLANG_WARN_UNGUARDED_AVAILABILITY = YES_AGGRESSIVE;
				CLANG_WARN_UNREACHABLE_CODE = YES;
				CLANG_WARN__DUPLICATE_METHOD_MATCH = YES;
				CODE_SIGN_IDENTITY = "iPhone Developer";
				COPY_PHASE_STRIP = NO;
				DEBUG_INFORMATION_FORMAT = "dwarf-with-dsym";
				ENABLE_NS_ASSERTIONS = NO;
				ENABLE_STRICT_OBJC_MSGSEND = YES;
				GCC_C_LANGUAGE_STANDARD = gnu11;
				GCC_NO_COMMON_BLOCKS = YES;
				GCC_WARN_64_TO_32_BIT_CONVERSION = YES;
				GCC_WARN_ABOUT_RETURN_TYPE = YES_ERROR;
				GCC_WARN_UNDECLARED_SELECTOR = YES;
				GCC_WARN_UNINITIALIZED_AUTOS = YES_AGGRESSIVE;
				GCC_WARN_UNUSED_FUNCTION = YES;
				GCC_WARN_UNUSED_VARIABLE = YES;
				IPHONEOS_DEPLOYMENT_TARGET = 11.2;
				MTL_ENABLE_DEBUG_INFO = NO;
				SDKROOT = iphoneos;
				VALIDATE_PRODUCT = YES;
			};
			name = Release;
		};
		C3C3509F205ACD5E000087AF /* Debug */ = {
			isa = XCBuildConfiguration;
			baseConfigurationReference = D9B29F198C1F88C40A938184 /* Pods-test.debug.xcconfig */;
			buildSettings = {
				ASSETCATALOG_COMPILER_APPICON_NAME = AppIcon;
				CODE_SIGN_STYLE = Automatic;
				DEVELOPMENT_TEAM = 6QA4LAMJE7;
				INFOPLIST_FILE = test/Info.plist;
				IPHONEOS_DEPLOYMENT_TARGET = 10.0;
				LD_RUNPATH_SEARCH_PATHS = "$(inherited) @executable_path/Frameworks";
				PRODUCT_BUNDLE_IDENTIFIER = "-psa.test";
				PRODUCT_NAME = "$(TARGET_NAME)";
				TARGETED_DEVICE_FAMILY = "1,2";
			};
			name = Debug;
		};
		C3C350A0205ACD5E000087AF /* Release */ = {
			isa = XCBuildConfiguration;
			baseConfigurationReference = 26E7F0C980FF0F15F19F01AA /* Pods-test.release.xcconfig */;
			buildSettings = {
				ASSETCATALOG_COMPILER_APPICON_NAME = AppIcon;
				CODE_SIGN_STYLE = Automatic;
				DEVELOPMENT_TEAM = 6QA4LAMJE7;
				INFOPLIST_FILE = test/Info.plist;
				IPHONEOS_DEPLOYMENT_TARGET = 10.0;
				LD_RUNPATH_SEARCH_PATHS = "$(inherited) @executable_path/Frameworks";
				PRODUCT_BUNDLE_IDENTIFIER = "-psa.test";
				PRODUCT_NAME = "$(TARGET_NAME)";
				TARGETED_DEVICE_FAMILY = "1,2";
			};
			name = Release;
		};
		C3C350A2205ACD5E000087AF /* Debug */ = {
			isa = XCBuildConfiguration;
			baseConfigurationReference = AB444E3197C680E98BEF10C4 /* Pods-testTests.debug.xcconfig */;
			buildSettings = {
				BUNDLE_LOADER = "$(TEST_HOST)";
				CODE_SIGN_STYLE = Automatic;
				DEVELOPMENT_TEAM = FFR7RSF3S4;
				INFOPLIST_FILE = testTests/Info.plist;
				LD_RUNPATH_SEARCH_PATHS = "$(inherited) @executable_path/Frameworks @loader_path/Frameworks";
				PRODUCT_BUNDLE_IDENTIFIER = "-psa.testTests";
				PRODUCT_NAME = "$(TARGET_NAME)";
				TARGETED_DEVICE_FAMILY = "1,2";
				TEST_HOST = "$(BUILT_PRODUCTS_DIR)/test.app/test";
			};
			name = Debug;
		};
		C3C350A3205ACD5E000087AF /* Release */ = {
			isa = XCBuildConfiguration;
			baseConfigurationReference = 63A2235B7ED0CD8E4EE953BA /* Pods-testTests.release.xcconfig */;
			buildSettings = {
				BUNDLE_LOADER = "$(TEST_HOST)";
				CODE_SIGN_STYLE = Automatic;
				DEVELOPMENT_TEAM = FFR7RSF3S4;
				INFOPLIST_FILE = testTests/Info.plist;
				LD_RUNPATH_SEARCH_PATHS = "$(inherited) @executable_path/Frameworks @loader_path/Frameworks";
				PRODUCT_BUNDLE_IDENTIFIER = "-psa.testTests";
				PRODUCT_NAME = "$(TARGET_NAME)";
				TARGETED_DEVICE_FAMILY = "1,2";
				TEST_HOST = "$(BUILT_PRODUCTS_DIR)/test.app/test";
			};
			name = Release;
		};
		C3C350A5205ACD5E000087AF /* Debug */ = {
			isa = XCBuildConfiguration;
			baseConfigurationReference = F6364B8D9A57F504A7A7D0D1 /* Pods-testUITests.debug.xcconfig */;
			buildSettings = {
				CODE_SIGN_STYLE = Automatic;
				DEVELOPMENT_TEAM = FFR7RSF3S4;
				INFOPLIST_FILE = testUITests/Info.plist;
				LD_RUNPATH_SEARCH_PATHS = "$(inherited) @executable_path/Frameworks @loader_path/Frameworks";
				PRODUCT_BUNDLE_IDENTIFIER = "-psa.testUITests";
				PRODUCT_NAME = "$(TARGET_NAME)";
				TARGETED_DEVICE_FAMILY = "1,2";
				TEST_TARGET_NAME = test;
			};
			name = Debug;
		};
		C3C350A6205ACD5E000087AF /* Release */ = {
			isa = XCBuildConfiguration;
			baseConfigurationReference = 5EADFCF51B2A731BF33590D2 /* Pods-testUITests.release.xcconfig */;
			buildSettings = {
				CODE_SIGN_STYLE = Automatic;
				DEVELOPMENT_TEAM = FFR7RSF3S4;
				INFOPLIST_FILE = testUITests/Info.plist;
				LD_RUNPATH_SEARCH_PATHS = "$(inherited) @executable_path/Frameworks @loader_path/Frameworks";
				PRODUCT_BUNDLE_IDENTIFIER = "-psa.testUITests";
				PRODUCT_NAME = "$(TARGET_NAME)";
				TARGETED_DEVICE_FAMILY = "1,2";
				TEST_TARGET_NAME = test;
			};
			name = Release;
		};
/* End XCBuildConfiguration section */

/* Begin XCConfigurationList section */
		C3C3506D205ACD5E000087AF /* Build configuration list for PBXProject "test" */ = {
			isa = XCConfigurationList;
			buildConfigurations = (
				C3C3509C205ACD5E000087AF /* Debug */,
				C3C3509D205ACD5E000087AF /* Release */,
			);
			defaultConfigurationIsVisible = 0;
			defaultConfigurationName = Release;
		};
		C3C3509E205ACD5E000087AF /* Build configuration list for PBXNativeTarget "test" */ = {
			isa = XCConfigurationList;
			buildConfigurations = (
				C3C3509F205ACD5E000087AF /* Debug */,
				C3C350A0205ACD5E000087AF /* Release */,
			);
			defaultConfigurationIsVisible = 0;
			defaultConfigurationName = Release;
		};
		C3C350A1205ACD5E000087AF /* Build configuration list for PBXNativeTarget "testTests" */ = {
			isa = XCConfigurationList;
			buildConfigurations = (
				C3C350A2205ACD5E000087AF /* Debug */,
				C3C350A3205ACD5E000087AF /* Release */,
			);
			defaultConfigurationIsVisible = 0;
			defaultConfigurationName = Release;
		};
		C3C350A4205ACD5E000087AF /* Build configuration list for PBXNativeTarget "testUITests" */ = {
			isa = XCConfigurationList;
			buildConfigurations = (
				C3C350A5205ACD5E000087AF /* Debug */,
				C3C350A6205ACD5E000087AF /* Release */,
			);
			defaultConfigurationIsVisible = 0;
			defaultConfigurationName = Release;
		};
/* End XCConfigurationList section */
	};
	rootObject = C3C3506A205ACD5E000087AF /* Project object */;
}
